// !$*UTF8*$!
{
	archiveVersion = 1;
	classes = {
	};
	objectVersion = 56;
	objects = {

/* Begin PBXBuildFile section */
		D89514E62A67A7440077B031 /* AppDelegate.swift in Sources */ = {isa = PBXBuildFile; fileRef = D89514E52A67A7440077B031 /* AppDelegate.swift */; };
		D89514E82A67A7440077B031 /* SceneDelegate.swift in Sources */ = {isa = PBXBuildFile; fileRef = D89514E72A67A7440077B031 /* SceneDelegate.swift */; };
		D89514ED2A67A7440077B031 /* Main.storyboard in Resources */ = {isa = PBXBuildFile; fileRef = D89514EB2A67A7440077B031 /* Main.storyboard */; };
		D89514EF2A67A7450077B031 /* Assets.xcassets in Resources */ = {isa = PBXBuildFile; fileRef = D89514EE2A67A7450077B031 /* Assets.xcassets */; };
		D89514F22A67A7450077B031 /* LaunchScreen.storyboard in Resources */ = {isa = PBXBuildFile; fileRef = D89514F02A67A7450077B031 /* LaunchScreen.storyboard */; };
		D89514FA2A67A9110077B031 /* PlusOneViewController.swift in Sources */ = {isa = PBXBuildFile; fileRef = D89514F92A67A9110077B031 /* PlusOneViewController.swift */; };
		D89514FC2A67A91C0077B031 /* PlusTwoViewController.swift in Sources */ = {isa = PBXBuildFile; fileRef = D89514FB2A67A91C0077B031 /* PlusTwoViewController.swift */; };
		D89514FE2A67B6090077B031 /* CountModel.swift in Sources */ = {isa = PBXBuildFile; fileRef = D89514FD2A67B6090077B031 /* CountModel.swift */; };
/* End PBXBuildFile section */

/* Begin PBXFileReference section */
		D89514E22A67A7440077B031 /* CounterCodeKit.app */ = {isa = PBXFileReference; explicitFileType = wrapper.application; includeInIndex = 0; path = CounterCodeKit.app; sourceTree = BUILT_PRODUCTS_DIR; };
		D89514E52A67A7440077B031 /* AppDelegate.swift */ = {isa = PBXFileReference; lastKnownFileType = sourcecode.swift; path = AppDelegate.swift; sourceTree = "<group>"; };
		D89514E72A67A7440077B031 /* SceneDelegate.swift */ = {isa = PBXFileReference; lastKnownFileType = sourcecode.swift; path = SceneDelegate.swift; sourceTree = "<group>"; };
		D89514EC2A67A7440077B031 /* Base */ = {isa = PBXFileReference; lastKnownFileType = file.storyboard; name = Base; path = Base.lproj/Main.storyboard; sourceTree = "<group>"; };
		D89514EE2A67A7450077B031 /* Assets.xcassets */ = {isa = PBXFileReference; lastKnownFileType = folder.assetcatalog; path = Assets.xcassets; sourceTree = "<group>"; };
		D89514F12A67A7450077B031 /* Base */ = {isa = PBXFileReference; lastKnownFileType = file.storyboard; name = Base; path = Base.lproj/LaunchScreen.storyboard; sourceTree = "<group>"; };
		D89514F32A67A7450077B031 /* Info.plist */ = {isa = PBXFileReference; lastKnownFileType = text.plist.xml; path = Info.plist; sourceTree = "<group>"; };
		D89514F92A67A9110077B031 /* PlusOneViewController.swift */ = {isa = PBXFileReference; lastKnownFileType = sourcecode.swift; path = PlusOneViewController.swift; sourceTree = "<group>"; };
		D89514FB2A67A91C0077B031 /* PlusTwoViewController.swift */ = {isa = PBXFileReference; lastKnownFileType = sourcecode.swift; path = PlusTwoViewController.swift; sourceTree = "<group>"; };
		D89514FD2A67B6090077B031 /* CountModel.swift */ = {isa = PBXFileReference; lastKnownFileType = sourcecode.swift; path = CountModel.swift; sourceTree = "<group>"; };
/* End PBXFileReference section */

/* Begin PBXFrameworksBuildPhase section */
		D89514DF2A67A7440077B031 /* Frameworks */ = {
			isa = PBXFrameworksBuildPhase;
			buildActionMask = 2147483647;
			files = (
			);
			runOnlyForDeploymentPostprocessing = 0;
		};
/* End PBXFrameworksBuildPhase section */

/* Begin PBXGroup section */
		D89514D92A67A7440077B031 = {
			isa = PBXGroup;
			children = (
				D89514E42A67A7440077B031 /* CounterCodeKit */,
				D89514E32A67A7440077B031 /* Products */,
			);
			sourceTree = "<group>";
		};
		D89514E32A67A7440077B031 /* Products */ = {
			isa = PBXGroup;
			children = (
				D89514E22A67A7440077B031 /* CounterCodeKit.app */,
			);
			name = Products;
			sourceTree = "<group>";
		};
		D89514E42A67A7440077B031 /* CounterCodeKit */ = {
			isa = PBXGroup;
			children = (
				D89514E52A67A7440077B031 /* AppDelegate.swift */,
				D89514E72A67A7440077B031 /* SceneDelegate.swift */,
				D89514F92A67A9110077B031 /* PlusOneViewController.swift */,
				D89514EB2A67A7440077B031 /* Main.storyboard */,
				D89514EE2A67A7450077B031 /* Assets.xcassets */,
				D89514F02A67A7450077B031 /* LaunchScreen.storyboard */,
				D89514F32A67A7450077B031 /* Info.plist */,
				D89514FB2A67A91C0077B031 /* PlusTwoViewController.swift */,
				D89514FD2A67B6090077B031 /* CountModel.swift */,
			);
			path = CounterCodeKit;
			sourceTree = "<group>";
		};
/* End PBXGroup section */

/* Begin PBXNativeTarget section */
		D89514E12A67A7440077B031 /* CounterCodeKit */ = {
			isa = PBXNativeTarget;
			buildConfigurationList = D89514F62A67A7450077B031 /* Build configuration list for PBXNativeTarget "CounterCodeKit" */;
			buildPhases = (
				D89514DE2A67A7440077B031 /* Sources */,
				D89514DF2A67A7440077B031 /* Frameworks */,
				D89514E02A67A7440077B031 /* Resources */,
			);
			buildRules = (
			);
			dependencies = (
			);
			name = CounterCodeKit;
			productName = CounterCodeKit;
			productReference = D89514E22A67A7440077B031 /* CounterCodeKit.app */;
			productType = "com.apple.product-type.application";
		};
/* End PBXNativeTarget section */

/* Begin PBXProject section */
		D89514DA2A67A7440077B031 /* Project object */ = {
			isa = PBXProject;
			attributes = {
				BuildIndependentTargetsInParallel = 1;
				LastSwiftUpdateCheck = 1430;
				LastUpgradeCheck = 1430;
				TargetAttributes = {
					D89514E12A67A7440077B031 = {
						CreatedOnToolsVersion = 14.3.1;
					};
				};
			};
			buildConfigurationList = D89514DD2A67A7440077B031 /* Build configuration list for PBXProject "CounterCodeKit" */;
			compatibilityVersion = "Xcode 14.0";
			developmentRegion = en;
			hasScannedForEncodings = 0;
			knownRegions = (
				en,
				Base,
			);
			mainGroup = D89514D92A67A7440077B031;
			productRefGroup = D89514E32A67A7440077B031 /* Products */;
			projectDirPath = "";
			projectRoot = "";
			targets = (
				D89514E12A67A7440077B031 /* CounterCodeKit */,
			);
		};
/* End PBXProject section */

/* Begin PBXResourcesBuildPhase section */
		D89514E02A67A7440077B031 /* Resources */ = {
			isa = PBXResourcesBuildPhase;
			buildActionMask = 2147483647;
			files = (
				D89514F22A67A7450077B031 /* LaunchScreen.storyboard in Resources */,
				D89514EF2A67A7450077B031 /* Assets.xcassets in Resources */,
				D89514ED2A67A7440077B031 /* Main.storyboard in Resources */,
			);
			runOnlyForDeploymentPostprocessing = 0;
		};
/* End PBXResourcesBuildPhase section */

/* Begin PBXSourcesBuildPhase section */
		D89514DE2A67A7440077B031 /* Sources */ = {
			isa = PBXSourcesBuildPhase;
			buildActionMask = 2147483647;
			files = (
				D89514FC2A67A91C0077B031 /* PlusTwoViewController.swift in Sources */,
				D89514FE2A67B6090077B031 /* CountModel.swift in Sources */,
				D89514E62A67A7440077B031 /* AppDelegate.swift in Sources */,
				D89514E82A67A7440077B031 /* SceneDelegate.swift in Sources */,
				D89514FA2A67A9110077B031 /* PlusOneViewController.swift in Sources */,
			);
			runOnlyForDeploymentPostprocessing = 0;
		};
/* End PBXSourcesBuildPhase section */

/* Begin PBXVariantGroup section */
		D89514EB2A67A7440077B031 /* Main.storyboard */ = {
			isa = PBXVariantGroup;
			children = (
				D89514EC2A67A7440077B031 /* Base */,
			);
			name = Main.storyboard;
			sourceTree = "<group>";
		};
		D89514F02A67A7450077B031 /* LaunchScreen.storyboard */ = {
			isa = PBXVariantGroup;
			children = (
				D89514F12A67A7450077B031 /* Base */,
			);
			name = LaunchScreen.storyboard;
			sourceTree = "<group>";
		};
/* End PBXVariantGroup section */

/* Begin XCBuildConfiguration section */
		D89514F42A67A7450077B031 /* Debug */ = {
			isa = XCBuildConfiguration;
			buildSettings = {
				ALWAYS_SEARCH_USER_PATHS = NO;
				CLANG_ANALYZER_NONNULL = YES;
				CLANG_ANALYZER_NUMBER_OBJECT_CONVERSION = YES_AGGRESSIVE;
				CLANG_CXX_LANGUAGE_STANDARD = "gnu++20";
				CLANG_ENABLE_MODULES = YES;
				CLANG_ENABLE_OBJC_ARC = YES;
				CLANG_ENABLE_OBJC_WEAK = YES;
				CLANG_WARN_BLOCK_CAPTURE_AUTORELEASING = YES;
				CLANG_WARN_BOOL_CONVERSION = YES;
				CLANG_WARN_COMMA = YES;
				CLANG_WARN_CONSTANT_CONVERSION = YES;
				CLANG_WARN_DEPRECATED_OBJC_IMPLEMENTATIONS = YES;
				CLANG_WARN_DIRECT_OBJC_ISA_USAGE = YES_ERROR;
				CLANG_WARN_DOCUMENTATION_COMMENTS = YES;
				CLANG_WARN_EMPTY_BODY = YES;
				CLANG_WARN_ENUM_CONVERSION = YES;
				CLANG_WARN_INFINITE_RECURSION = YES;
				CLANG_WARN_INT_CONVERSION = YES;
				CLANG_WARN_NON_LITERAL_NULL_CONVERSION = YES;
				CLANG_WARN_OBJC_IMPLICIT_RETAIN_SELF = YES;
				CLANG_WARN_OBJC_LITERAL_CONVERSION = YES;
				CLANG_WARN_OBJC_ROOT_CLASS = YES_ERROR;
				CLANG_WARN_QUOTED_INCLUDE_IN_FRAMEWORK_HEADER = YES;
				CLANG_WARN_RANGE_LOOP_ANALYSIS = YES;
				CLANG_WARN_STRICT_PROTOTYPES = YES;
				CLANG_WARN_SUSPICIOUS_MOVE = YES;
				CLANG_WARN_UNGUARDED_AVAILABILITY = YES_AGGRESSIVE;
				CLANG_WARN_UNREACHABLE_CODE = YES;
				CLANG_WARN__DUPLICATE_METHOD_MATCH = YES;
				COPY_PHASE_STRIP = NO;
				DEBUG_INFORMATION_FORMAT = dwarf;
				ENABLE_STRICT_OBJC_MSGSEND = YES;
				ENABLE_TESTABILITY = YES;
				GCC_C_LANGUAGE_STANDARD = gnu11;
				GCC_DYNAMIC_NO_PIC = NO;
				GCC_NO_COMMON_BLOCKS = YES;
				GCC_OPTIMIZATION_LEVEL = 0;
				GCC_PREPROCESSOR_DEFINITIONS = (
					"DEBUG=1",
					"$(inherited)",
				);
				GCC_WARN_64_TO_32_BIT_CONVERSION = YES;
				GCC_WARN_ABOUT_RETURN_TYPE = YES_ERROR;
				GCC_WARN_UNDECLARED_SELECTOR = YES;
				GCC_WARN_UNINITIALIZED_AUTOS = YES_AGGRESSIVE;
				GCC_WARN_UNUSED_FUNCTION = YES;
				GCC_WARN_UNUSED_VARIABLE = YES;
				IPHONEOS_DEPLOYMENT_TARGET = 16.4;
				MTL_ENABLE_DEBUG_INFO = INCLUDE_SOURCE;
				MTL_FAST_MATH = YES;
				ONLY_ACTIVE_ARCH = YES;
				SDKROOT = iphoneos;
				SWIFT_ACTIVE_COMPILATION_CONDITIONS = DEBUG;
				SWIFT_OPTIMIZATION_LEVEL = "-Onone";
			};
			name = Debug;
		};
		D89514F52A67A7450077B031 /* Release */ = {
			isa = XCBuildConfiguration;
			buildSettings = {
				ALWAYS_SEARCH_USER_PATHS = NO;
				CLANG_ANALYZER_NONNULL = YES;
				CLANG_ANALYZER_NUMBER_OBJECT_CONVERSION = YES_AGGRESSIVE;
				CLANG_CXX_LANGUAGE_STANDARD = "gnu++20";
				CLANG_ENABLE_MODULES = YES;
				CLANG_ENABLE_OBJC_ARC = YES;
				CLANG_ENABLE_OBJC_WEAK = YES;
				CLANG_WARN_BLOCK_CAPTURE_AUTORELEASING = YES;
				CLANG_WARN_BOOL_CONVERSION = YES;
				CLANG_WARN_COMMA = YES;
				CLANG_WARN_CONSTANT_CONVERSION = YES;
				CLANG_WARN_DEPRECATED_OBJC_IMPLEMENTATIONS = YES;
				CLANG_WARN_DIRECT_OBJC_ISA_USAGE = YES_ERROR;
				CLANG_WARN_DOCUMENTATION_COMMENTS = YES;
				CLANG_WARN_EMPTY_BODY = YES;
				CLANG_WARN_ENUM_CONVERSION = YES;
				CLANG_WARN_INFINITE_RECURSION = YES;
				CLANG_WARN_INT_CONVERSION = YES;
				CLANG_WARN_NON_LITERAL_NULL_CONVERSION = YES;
				CLANG_WARN_OBJC_IMPLICIT_RETAIN_SELF = YES;
				CLANG_WARN_OBJC_LITERAL_CONVERSION = YES;
				CLANG_WARN_OBJC_ROOT_CLASS = YES_ERROR;
				CLANG_WARN_QUOTED_INCLUDE_IN_FRAMEWORK_HEADER = YES;
				CLANG_WARN_RANGE_LOOP_ANALYSIS = YES;
				CLANG_WARN_STRICT_PROTOTYPES = YES;
				CLANG_WARN_SUSPICIOUS_MOVE = YES;
				CLANG_WARN_UNGUARDED_AVAILABILITY = YES_AGGRESSIVE;
				CLANG_WARN_UNREACHABLE_CODE = YES;
				CLANG_WARN__DUPLICATE_METHOD_MATCH = YES;
				COPY_PHASE_STRIP = NO;
				DEBUG_INFORMATION_FORMAT = "dwarf-with-dsym";
				ENABLE_NS_ASSERTIONS = NO;
				ENABLE_STRICT_OBJC_MSGSEND = YES;
				GCC_C_LANGUAGE_STANDARD = gnu11;
				GCC_NO_COMMON_BLOCKS = YES;
				GCC_WARN_64_TO_32_BIT_CONVERSION = YES;
				GCC_WARN_ABOUT_RETURN_TYPE = YES_ERROR;
				GCC_WARN_UNDECLARED_SELECTOR = YES;
				GCC_WARN_UNINITIALIZED_AUTOS = YES_AGGRESSIVE;
				GCC_WARN_UNUSED_FUNCTION = YES;
				GCC_WARN_UNUSED_VARIABLE = YES;
				IPHONEOS_DEPLOYMENT_TARGET = 16.4;
				MTL_ENABLE_DEBUG_INFO = NO;
				MTL_FAST_MATH = YES;
				SDKROOT = iphoneos;
				SWIFT_COMPILATION_MODE = wholemodule;
				SWIFT_OPTIMIZATION_LEVEL = "-O";
				VALIDATE_PRODUCT = YES;
			};
			name = Release;
		};
		D89514F72A67A7450077B031 /* Debug */ = {
			isa = XCBuildConfiguration;
			buildSettings = {
				ASSETCATALOG_COMPILER_APPICON_NAME = AppIcon;
				ASSETCATALOG_COMPILER_GLOBAL_ACCENT_COLOR_NAME = AccentColor;
				CODE_SIGN_STYLE = Automatic;
				CURRENT_PROJECT_VERSION = 1;
				DEVELOPMENT_TEAM = 622GS98KMB;
				GENERATE_INFOPLIST_FILE = YES;
				INFOPLIST_FILE = CounterCodeKit/Info.plist;
				INFOPLIST_KEY_UIApplicationSupportsIndirectInputEvents = YES;
				INFOPLIST_KEY_UILaunchStoryboardName = LaunchScreen;
				INFOPLIST_KEY_UISupportedInterfaceOrientations_iPad = "UIInterfaceOrientationPortrait UIInterfaceOrientationPortraitUpsideDown UIInterfaceOrientationLandscapeLeft UIInterfaceOrientationLandscapeRight";
				INFOPLIST_KEY_UISupportedInterfaceOrientations_iPhone = "UIInterfaceOrientationPortrait UIInterfaceOrientationLandscapeLeft UIInterfaceOrientationLandscapeRight";
				LD_RUNPATH_SEARCH_PATHS = (
					"$(inherited)",
					"@executable_path/Frameworks",
				);
				MARKETING_VERSION = 1.0;
				PRODUCT_BUNDLE_IDENTIFIER = com.yoonho.CounterCodeKit;
				PRODUCT_NAME = "$(TARGET_NAME)";
				SWIFT_EMIT_LOC_STRINGS = YES;
				SWIFT_VERSION = 5.0;
				TARGETED_DEVICE_FAMILY = "1,2";
			};
			name = Debug;
		};
		D89514F82A67A7450077B031 /* Release */ = {
			isa = XCBuildConfiguration;
			buildSettings = {
				ASSETCATALOG_COMPILER_APPICON_NAME = AppIcon;
				ASSETCATALOG_COMPILER_GLOBAL_ACCENT_COLOR_NAME = AccentColor;
				CODE_SIGN_STYLE = Automatic;
				CURRENT_PROJECT_VERSION = 1;
				DEVELOPMENT_TEAM = 622GS98KMB;
				GENERATE_INFOPLIST_FILE = YES;
				INFOPLIST_FILE = CounterCodeKit/Info.plist;
				INFOPLIST_KEY_UIApplicationSupportsIndirectInputEvents = YES;
				INFOPLIST_KEY_UILaunchStoryboardName = LaunchScreen;
				INFOPLIST_KEY_UISupportedInterfaceOrientations_iPad = "UIInterfaceOrientationPortrait UIInterfaceOrientationPortraitUpsideDown UIInterfaceOrientationLandscapeLeft UIInterfaceOrientationLandscapeRight";
				INFOPLIST_KEY_UISupportedInterfaceOrientations_iPhone = "UIInterfaceOrientationPortrait UIInterfaceOrientationLandscapeLeft UIInterfaceOrientationLandscapeRight";
				LD_RUNPATH_SEARCH_PATHS = (
					"$(inherited)",
					"@executable_path/Frameworks",
				);
				MARKETING_VERSION = 1.0;
				PRODUCT_BUNDLE_IDENTIFIER = com.yoonho.CounterCodeKit;
				PRODUCT_NAME = "$(TARGET_NAME)";
				SWIFT_EMIT_LOC_STRINGS = YES;
				SWIFT_VERSION = 5.0;
				TARGETED_DEVICE_FAMILY = "1,2";
			};
			name = Release;
		};
/* End XCBuildConfiguration section */

/* Begin XCConfigurationList section */
		D89514DD2A67A7440077B031 /* Build configuration list for PBXProject "CounterCodeKit" */ = {
			isa = XCConfigurationList;
			buildConfigurations = (
				D89514F42A67A7450077B031 /* Debug */,
				D89514F52A67A7450077B031 /* Release */,
			);
			defaultConfigurationIsVisible = 0;
			defaultConfigurationName = Release;
		};
		D89514F62A67A7450077B031 /* Build configuration list for PBXNativeTarget "CounterCodeKit" */ = {
			isa = XCConfigurationList;
			buildConfigurations = (
				D89514F72A67A7450077B031 /* Debug */,
				D89514F82A67A7450077B031 /* Release */,
			);
			defaultConfigurationIsVisible = 0;
			defaultConfigurationName = Release;
		};
/* End XCConfigurationList section */
	};
	rootObject = D89514DA2A67A7440077B031 /* Project object */;
}
