// !$*UTF8*$!
{
	archiveVersion = 1;
	classes = {
	};
	objectVersion = 56;
	objects = {

/* Begin PBXBuildFile section */
		84AE8C272A44055000181D6C /* AppDelegate.swift in Sources */ = {isa = PBXBuildFile; fileRef = 84AE8C262A44055000181D6C /* AppDelegate.swift */; };
		84AE8C292A44055000181D6C /* SceneDelegate.swift in Sources */ = {isa = PBXBuildFile; fileRef = 84AE8C282A44055000181D6C /* SceneDelegate.swift */; };
		84AE8C2B2A44055000181D6C /* ViewController.swift in Sources */ = {isa = PBXBuildFile; fileRef = 84AE8C2A2A44055000181D6C /* ViewController.swift */; };
		84AE8C2E2A44055000181D6C /* Main.storyboard in Resources */ = {isa = PBXBuildFile; fileRef = 84AE8C2C2A44055000181D6C /* Main.storyboard */; };
		84AE8C302A44055200181D6C /* Assets.xcassets in Resources */ = {isa = PBXBuildFile; fileRef = 84AE8C2F2A44055200181D6C /* Assets.xcassets */; };
		84AE8C332A44055200181D6C /* LaunchScreen.storyboard in Resources */ = {isa = PBXBuildFile; fileRef = 84AE8C312A44055200181D6C /* LaunchScreen.storyboard */; };
		84AE8C522A4429DA00181D6C /* 10번.png in Resources */ = {isa = PBXBuildFile; fileRef = 84AE8C482A4429DA00181D6C /* 10번.png */; };
		84AE8C532A4429DA00181D6C /* 5번.png in Resources */ = {isa = PBXBuildFile; fileRef = 84AE8C492A4429DA00181D6C /* 5번.png */; };
		84AE8C542A4429DA00181D6C /* 9번.png in Resources */ = {isa = PBXBuildFile; fileRef = 84AE8C4A2A4429DA00181D6C /* 9번.png */; };
		84AE8C552A4429DA00181D6C /* 7번.png in Resources */ = {isa = PBXBuildFile; fileRef = 84AE8C4B2A4429DA00181D6C /* 7번.png */; };
		84AE8C562A4429DA00181D6C /* 2번.png in Resources */ = {isa = PBXBuildFile; fileRef = 84AE8C4C2A4429DA00181D6C /* 2번.png */; };
		84AE8C572A4429DA00181D6C /* 3번.png in Resources */ = {isa = PBXBuildFile; fileRef = 84AE8C4D2A4429DA00181D6C /* 3번.png */; };
		84AE8C582A4429DA00181D6C /* 1번.png in Resources */ = {isa = PBXBuildFile; fileRef = 84AE8C4E2A4429DA00181D6C /* 1번.png */; };
		84AE8C592A4429DA00181D6C /* 4번.png in Resources */ = {isa = PBXBuildFile; fileRef = 84AE8C4F2A4429DA00181D6C /* 4번.png */; };
		84AE8C5B2A4429DA00181D6C /* 6번.jpg in Resources */ = {isa = PBXBuildFile; fileRef = 84AE8C512A4429DA00181D6C /* 6번.jpg */; };
		84AE8C5D2A44368600181D6C /* 8번 copy.png in Resources */ = {isa = PBXBuildFile; fileRef = 84AE8C5C2A44368600181D6C /* 8번 copy.png */; };
/* End PBXBuildFile section */

/* Begin PBXFileReference section */
		84AE8C232A44055000181D6C /* ChooseKit.app */ = {isa = PBXFileReference; explicitFileType = wrapper.application; includeInIndex = 0; path = ChooseKit.app; sourceTree = BUILT_PRODUCTS_DIR; };
		84AE8C262A44055000181D6C /* AppDelegate.swift */ = {isa = PBXFileReference; lastKnownFileType = sourcecode.swift; path = AppDelegate.swift; sourceTree = "<group>"; };
		84AE8C282A44055000181D6C /* SceneDelegate.swift */ = {isa = PBXFileReference; lastKnownFileType = sourcecode.swift; path = SceneDelegate.swift; sourceTree = "<group>"; };
		84AE8C2A2A44055000181D6C /* ViewController.swift */ = {isa = PBXFileReference; lastKnownFileType = sourcecode.swift; path = ViewController.swift; sourceTree = "<group>"; };
		84AE8C2D2A44055000181D6C /* Base */ = {isa = PBXFileReference; lastKnownFileType = file.storyboard; name = Base; path = Base.lproj/Main.storyboard; sourceTree = "<group>"; };
		84AE8C2F2A44055200181D6C /* Assets.xcassets */ = {isa = PBXFileReference; lastKnownFileType = folder.assetcatalog; path = Assets.xcassets; sourceTree = "<group>"; };
		84AE8C322A44055200181D6C /* Base */ = {isa = PBXFileReference; lastKnownFileType = file.storyboard; name = Base; path = Base.lproj/LaunchScreen.storyboard; sourceTree = "<group>"; };
		84AE8C342A44055200181D6C /* Info.plist */ = {isa = PBXFileReference; lastKnownFileType = text.plist.xml; path = Info.plist; sourceTree = "<group>"; };
		84AE8C482A4429DA00181D6C /* 10번.png */ = {isa = PBXFileReference; lastKnownFileType = image.png; path = "10번.png"; sourceTree = "<group>"; };
		84AE8C492A4429DA00181D6C /* 5번.png */ = {isa = PBXFileReference; lastKnownFileType = image.png; path = "5번.png"; sourceTree = "<group>"; };
		84AE8C4A2A4429DA00181D6C /* 9번.png */ = {isa = PBXFileReference; lastKnownFileType = image.png; path = "9번.png"; sourceTree = "<group>"; };
		84AE8C4B2A4429DA00181D6C /* 7번.png */ = {isa = PBXFileReference; lastKnownFileType = image.png; path = "7번.png"; sourceTree = "<group>"; };
		84AE8C4C2A4429DA00181D6C /* 2번.png */ = {isa = PBXFileReference; lastKnownFileType = image.png; path = "2번.png"; sourceTree = "<group>"; };
		84AE8C4D2A4429DA00181D6C /* 3번.png */ = {isa = PBXFileReference; lastKnownFileType = image.png; path = "3번.png"; sourceTree = "<group>"; };
		84AE8C4E2A4429DA00181D6C /* 1번.png */ = {isa = PBXFileReference; lastKnownFileType = image.png; path = "1번.png"; sourceTree = "<group>"; };
		84AE8C4F2A4429DA00181D6C /* 4번.png */ = {isa = PBXFileReference; lastKnownFileType = image.png; path = "4번.png"; sourceTree = "<group>"; };
		84AE8C512A4429DA00181D6C /* 6번.jpg */ = {isa = PBXFileReference; lastKnownFileType = image.jpeg; path = "6번.jpg"; sourceTree = "<group>"; };
		84AE8C5C2A44368600181D6C /* 8번 copy.png */ = {isa = PBXFileReference; lastKnownFileType = image.png; path = "8번 copy.png"; sourceTree = "<group>"; };
/* End PBXFileReference section */

/* Begin PBXFrameworksBuildPhase section */
		84AE8C202A44055000181D6C /* Frameworks */ = {
			isa = PBXFrameworksBuildPhase;
			buildActionMask = 2147483647;
			files = (
			);
			runOnlyForDeploymentPostprocessing = 0;
		};
/* End PBXFrameworksBuildPhase section */

/* Begin PBXGroup section */
		84AE8C1A2A44055000181D6C = {
			isa = PBXGroup;
			children = (
				84AE8C252A44055000181D6C /* ChooseKit */,
				84AE8C242A44055000181D6C /* Products */,
			);
			sourceTree = "<group>";
		};
		84AE8C242A44055000181D6C /* Products */ = {
			isa = PBXGroup;
			children = (
				84AE8C232A44055000181D6C /* ChooseKit.app */,
			);
			name = Products;
			sourceTree = "<group>";
		};
		84AE8C252A44055000181D6C /* ChooseKit */ = {
			isa = PBXGroup;
			children = (
				84AE8C262A44055000181D6C /* AppDelegate.swift */,
				84AE8C282A44055000181D6C /* SceneDelegate.swift */,
				84AE8C2A2A44055000181D6C /* ViewController.swift */,
				84AE8C2C2A44055000181D6C /* Main.storyboard */,
				84AE8C2F2A44055200181D6C /* Assets.xcassets */,
				84AE8C312A44055200181D6C /* LaunchScreen.storyboard */,
				84AE8C342A44055200181D6C /* Info.plist */,
				84AE8C472A4429DA00181D6C /* 문제 */,
			);
			path = ChooseKit;
			sourceTree = "<group>";
		};
		84AE8C472A4429DA00181D6C /* 문제 */ = {
			isa = PBXGroup;
			children = (
				84AE8C482A4429DA00181D6C /* 10번.png */,
				84AE8C492A4429DA00181D6C /* 5번.png */,
				84AE8C4A2A4429DA00181D6C /* 9번.png */,
				84AE8C4B2A4429DA00181D6C /* 7번.png */,
				84AE8C4C2A4429DA00181D6C /* 2번.png */,
				84AE8C4D2A4429DA00181D6C /* 3번.png */,
				84AE8C4E2A4429DA00181D6C /* 1번.png */,
				84AE8C4F2A4429DA00181D6C /* 4번.png */,
				84AE8C512A4429DA00181D6C /* 6번.jpg */,
				84AE8C5C2A44368600181D6C /* 8번 copy.png */,
			);
			name = "문제";
			path = "../../문제";
			sourceTree = "<group>";
		};
/* End PBXGroup section */

/* Begin PBXNativeTarget section */
		84AE8C222A44055000181D6C /* ChooseKit */ = {
			isa = PBXNativeTarget;
			buildConfigurationList = 84AE8C372A44055200181D6C /* Build configuration list for PBXNativeTarget "ChooseKit" */;
			buildPhases = (
				84AE8C1F2A44055000181D6C /* Sources */,
				84AE8C202A44055000181D6C /* Frameworks */,
				84AE8C212A44055000181D6C /* Resources */,
			);
			buildRules = (
			);
			dependencies = (
			);
			name = ChooseKit;
			productName = ChooseKit;
			productReference = 84AE8C232A44055000181D6C /* ChooseKit.app */;
			productType = "com.apple.product-type.application";
		};
/* End PBXNativeTarget section */

/* Begin PBXProject section */
		84AE8C1B2A44055000181D6C /* Project object */ = {
			isa = PBXProject;
			attributes = {
				BuildIndependentTargetsInParallel = 1;
				LastSwiftUpdateCheck = 1420;
				LastUpgradeCheck = 1420;
				TargetAttributes = {
					84AE8C222A44055000181D6C = {
						CreatedOnToolsVersion = 14.2;
					};
				};
			};
			buildConfigurationList = 84AE8C1E2A44055000181D6C /* Build configuration list for PBXProject "ChooseKit" */;
			compatibilityVersion = "Xcode 14.0";
			developmentRegion = en;
			hasScannedForEncodings = 0;
			knownRegions = (
				en,
				Base,
			);
			mainGroup = 84AE8C1A2A44055000181D6C;
			productRefGroup = 84AE8C242A44055000181D6C /* Products */;
			projectDirPath = "";
			projectRoot = "";
			targets = (
				84AE8C222A44055000181D6C /* ChooseKit */,
			);
		};
/* End PBXProject section */

/* Begin PBXResourcesBuildPhase section */
		84AE8C212A44055000181D6C /* Resources */ = {
			isa = PBXResourcesBuildPhase;
			buildActionMask = 2147483647;
			files = (
				84AE8C572A4429DA00181D6C /* 3번.png in Resources */,
				84AE8C522A4429DA00181D6C /* 10번.png in Resources */,
				84AE8C5B2A4429DA00181D6C /* 6번.jpg in Resources */,
				84AE8C332A44055200181D6C /* LaunchScreen.storyboard in Resources */,
				84AE8C532A4429DA00181D6C /* 5번.png in Resources */,
				84AE8C542A4429DA00181D6C /* 9번.png in Resources */,
				84AE8C552A4429DA00181D6C /* 7번.png in Resources */,
				84AE8C562A4429DA00181D6C /* 2번.png in Resources */,
				84AE8C592A4429DA00181D6C /* 4번.png in Resources */,
				84AE8C582A4429DA00181D6C /* 1번.png in Resources */,
				84AE8C302A44055200181D6C /* Assets.xcassets in Resources */,
				84AE8C2E2A44055000181D6C /* Main.storyboard in Resources */,
				84AE8C5D2A44368600181D6C /* 8번 copy.png in Resources */,
			);
			runOnlyForDeploymentPostprocessing = 0;
		};
/* End PBXResourcesBuildPhase section */

/* Begin PBXSourcesBuildPhase section */
		84AE8C1F2A44055000181D6C /* Sources */ = {
			isa = PBXSourcesBuildPhase;
			buildActionMask = 2147483647;
			files = (
				84AE8C2B2A44055000181D6C /* ViewController.swift in Sources */,
				84AE8C272A44055000181D6C /* AppDelegate.swift in Sources */,
				84AE8C292A44055000181D6C /* SceneDelegate.swift in Sources */,
			);
			runOnlyForDeploymentPostprocessing = 0;
		};
/* End PBXSourcesBuildPhase section */

/* Begin PBXVariantGroup section */
		84AE8C2C2A44055000181D6C /* Main.storyboard */ = {
			isa = PBXVariantGroup;
			children = (
				84AE8C2D2A44055000181D6C /* Base */,
			);
			name = Main.storyboard;
			sourceTree = "<group>";
		};
		84AE8C312A44055200181D6C /* LaunchScreen.storyboard */ = {
			isa = PBXVariantGroup;
			children = (
				84AE8C322A44055200181D6C /* Base */,
			);
			name = LaunchScreen.storyboard;
			sourceTree = "<group>";
		};
/* End PBXVariantGroup section */

/* Begin XCBuildConfiguration section */
		84AE8C352A44055200181D6C /* Debug */ = {
			isa = XCBuildConfiguration;
			buildSettings = {
				ALWAYS_SEARCH_USER_PATHS = NO;
				CLANG_ANALYZER_NONNULL = YES;
				CLANG_ANALYZER_NUMBER_OBJECT_CONVERSION = YES_AGGRESSIVE;
				CLANG_CXX_LANGUAGE_STANDARD = "gnu++20";
				CLANG_ENABLE_MODULES = YES;
				CLANG_ENABLE_OBJC_ARC = YES;
				CLANG_ENABLE_OBJC_WEAK = YES;
				CLANG_WARN_BLOCK_CAPTURE_AUTORELEASING = YES;
				CLANG_WARN_BOOL_CONVERSION = YES;
				CLANG_WARN_COMMA = YES;
				CLANG_WARN_CONSTANT_CONVERSION = YES;
				CLANG_WARN_DEPRECATED_OBJC_IMPLEMENTATIONS = YES;
				CLANG_WARN_DIRECT_OBJC_ISA_USAGE = YES_ERROR;
				CLANG_WARN_DOCUMENTATION_COMMENTS = YES;
				CLANG_WARN_EMPTY_BODY = YES;
				CLANG_WARN_ENUM_CONVERSION = YES;
				CLANG_WARN_INFINITE_RECURSION = YES;
				CLANG_WARN_INT_CONVERSION = YES;
				CLANG_WARN_NON_LITERAL_NULL_CONVERSION = YES;
				CLANG_WARN_OBJC_IMPLICIT_RETAIN_SELF = YES;
				CLANG_WARN_OBJC_LITERAL_CONVERSION = YES;
				CLANG_WARN_OBJC_ROOT_CLASS = YES_ERROR;
				CLANG_WARN_QUOTED_INCLUDE_IN_FRAMEWORK_HEADER = YES;
				CLANG_WARN_RANGE_LOOP_ANALYSIS = YES;
				CLANG_WARN_STRICT_PROTOTYPES = YES;
				CLANG_WARN_SUSPICIOUS_MOVE = YES;
				CLANG_WARN_UNGUARDED_AVAILABILITY = YES_AGGRESSIVE;
				CLANG_WARN_UNREACHABLE_CODE = YES;
				CLANG_WARN__DUPLICATE_METHOD_MATCH = YES;
				COPY_PHASE_STRIP = NO;
				DEBUG_INFORMATION_FORMAT = dwarf;
				ENABLE_STRICT_OBJC_MSGSEND = YES;
				ENABLE_TESTABILITY = YES;
				GCC_C_LANGUAGE_STANDARD = gnu11;
				GCC_DYNAMIC_NO_PIC = NO;
				GCC_NO_COMMON_BLOCKS = YES;
				GCC_OPTIMIZATION_LEVEL = 0;
				GCC_PREPROCESSOR_DEFINITIONS = (
					"DEBUG=1",
					"$(inherited)",
				);
				GCC_WARN_64_TO_32_BIT_CONVERSION = YES;
				GCC_WARN_ABOUT_RETURN_TYPE = YES_ERROR;
				GCC_WARN_UNDECLARED_SELECTOR = YES;
				GCC_WARN_UNINITIALIZED_AUTOS = YES_AGGRESSIVE;
				GCC_WARN_UNUSED_FUNCTION = YES;
				GCC_WARN_UNUSED_VARIABLE = YES;
				IPHONEOS_DEPLOYMENT_TARGET = 16.2;
				MTL_ENABLE_DEBUG_INFO = INCLUDE_SOURCE;
				MTL_FAST_MATH = YES;
				ONLY_ACTIVE_ARCH = YES;
				SDKROOT = iphoneos;
				SWIFT_ACTIVE_COMPILATION_CONDITIONS = DEBUG;
				SWIFT_OPTIMIZATION_LEVEL = "-Onone";
			};
			name = Debug;
		};
		84AE8C362A44055200181D6C /* Release */ = {
			isa = XCBuildConfiguration;
			buildSettings = {
				ALWAYS_SEARCH_USER_PATHS = NO;
				CLANG_ANALYZER_NONNULL = YES;
				CLANG_ANALYZER_NUMBER_OBJECT_CONVERSION = YES_AGGRESSIVE;
				CLANG_CXX_LANGUAGE_STANDARD = "gnu++20";
				CLANG_ENABLE_MODULES = YES;
				CLANG_ENABLE_OBJC_ARC = YES;
				CLANG_ENABLE_OBJC_WEAK = YES;
				CLANG_WARN_BLOCK_CAPTURE_AUTORELEASING = YES;
				CLANG_WARN_BOOL_CONVERSION = YES;
				CLANG_WARN_COMMA = YES;
				CLANG_WARN_CONSTANT_CONVERSION = YES;
				CLANG_WARN_DEPRECATED_OBJC_IMPLEMENTATIONS = YES;
				CLANG_WARN_DIRECT_OBJC_ISA_USAGE = YES_ERROR;
				CLANG_WARN_DOCUMENTATION_COMMENTS = YES;
				CLANG_WARN_EMPTY_BODY = YES;
				CLANG_WARN_ENUM_CONVERSION = YES;
				CLANG_WARN_INFINITE_RECURSION = YES;
				CLANG_WARN_INT_CONVERSION = YES;
				CLANG_WARN_NON_LITERAL_NULL_CONVERSION = YES;
				CLANG_WARN_OBJC_IMPLICIT_RETAIN_SELF = YES;
				CLANG_WARN_OBJC_LITERAL_CONVERSION = YES;
				CLANG_WARN_OBJC_ROOT_CLASS = YES_ERROR;
				CLANG_WARN_QUOTED_INCLUDE_IN_FRAMEWORK_HEADER = YES;
				CLANG_WARN_RANGE_LOOP_ANALYSIS = YES;
				CLANG_WARN_STRICT_PROTOTYPES = YES;
				CLANG_WARN_SUSPICIOUS_MOVE = YES;
				CLANG_WARN_UNGUARDED_AVAILABILITY = YES_AGGRESSIVE;
				CLANG_WARN_UNREACHABLE_CODE = YES;
				CLANG_WARN__DUPLICATE_METHOD_MATCH = YES;
				COPY_PHASE_STRIP = NO;
				DEBUG_INFORMATION_FORMAT = "dwarf-with-dsym";
				ENABLE_NS_ASSERTIONS = NO;
				ENABLE_STRICT_OBJC_MSGSEND = YES;
				GCC_C_LANGUAGE_STANDARD = gnu11;
				GCC_NO_COMMON_BLOCKS = YES;
				GCC_WARN_64_TO_32_BIT_CONVERSION = YES;
				GCC_WARN_ABOUT_RETURN_TYPE = YES_ERROR;
				GCC_WARN_UNDECLARED_SELECTOR = YES;
				GCC_WARN_UNINITIALIZED_AUTOS = YES_AGGRESSIVE;
				GCC_WARN_UNUSED_FUNCTION = YES;
				GCC_WARN_UNUSED_VARIABLE = YES;
				IPHONEOS_DEPLOYMENT_TARGET = 16.2;
				MTL_ENABLE_DEBUG_INFO = NO;
				MTL_FAST_MATH = YES;
				SDKROOT = iphoneos;
				SWIFT_COMPILATION_MODE = wholemodule;
				SWIFT_OPTIMIZATION_LEVEL = "-O";
				VALIDATE_PRODUCT = YES;
			};
			name = Release;
		};
		84AE8C382A44055200181D6C /* Debug */ = {
			isa = XCBuildConfiguration;
			buildSettings = {
				ASSETCATALOG_COMPILER_APPICON_NAME = AppIcon;
				ASSETCATALOG_COMPILER_GLOBAL_ACCENT_COLOR_NAME = AccentColor;
				CODE_SIGN_STYLE = Automatic;
				CURRENT_PROJECT_VERSION = 1;
				GENERATE_INFOPLIST_FILE = YES;
				INFOPLIST_FILE = ChooseKit/Info.plist;
				INFOPLIST_KEY_UIApplicationSupportsIndirectInputEvents = YES;
				INFOPLIST_KEY_UILaunchStoryboardName = LaunchScreen;
				INFOPLIST_KEY_UIMainStoryboardFile = Main;
				INFOPLIST_KEY_UISupportedInterfaceOrientations_iPad = "UIInterfaceOrientationPortrait UIInterfaceOrientationPortraitUpsideDown UIInterfaceOrientationLandscapeLeft UIInterfaceOrientationLandscapeRight";
				INFOPLIST_KEY_UISupportedInterfaceOrientations_iPhone = "UIInterfaceOrientationPortrait UIInterfaceOrientationLandscapeLeft UIInterfaceOrientationLandscapeRight";
				LD_RUNPATH_SEARCH_PATHS = (
					"$(inherited)",
					"@executable_path/Frameworks",
				);
				MARKETING_VERSION = 1.0;
				PRODUCT_BUNDLE_IDENTIFIER = com.yyomzzi.ChooseKit;
				PRODUCT_NAME = "$(TARGET_NAME)";
				SUPPORTED_PLATFORMS = "iphoneos iphonesimulator";
				SUPPORTS_MACCATALYST = NO;
				SUPPORTS_MAC_DESIGNED_FOR_IPHONE_IPAD = NO;
				SWIFT_EMIT_LOC_STRINGS = YES;
				SWIFT_VERSION = 5.0;
				TARGETED_DEVICE_FAMILY = 1;
			};
			name = Debug;
		};
		84AE8C392A44055200181D6C /* Release */ = {
			isa = XCBuildConfiguration;
			buildSettings = {
				ASSETCATALOG_COMPILER_APPICON_NAME = AppIcon;
				ASSETCATALOG_COMPILER_GLOBAL_ACCENT_COLOR_NAME = AccentColor;
				CODE_SIGN_STYLE = Automatic;
				CURRENT_PROJECT_VERSION = 1;
				GENERATE_INFOPLIST_FILE = YES;
				INFOPLIST_FILE = ChooseKit/Info.plist;
				INFOPLIST_KEY_UIApplicationSupportsIndirectInputEvents = YES;
				INFOPLIST_KEY_UILaunchStoryboardName = LaunchScreen;
				INFOPLIST_KEY_UIMainStoryboardFile = Main;
				INFOPLIST_KEY_UISupportedInterfaceOrientations_iPad = "UIInterfaceOrientationPortrait UIInterfaceOrientationPortraitUpsideDown UIInterfaceOrientationLandscapeLeft UIInterfaceOrientationLandscapeRight";
				INFOPLIST_KEY_UISupportedInterfaceOrientations_iPhone = "UIInterfaceOrientationPortrait UIInterfaceOrientationLandscapeLeft UIInterfaceOrientationLandscapeRight";
				LD_RUNPATH_SEARCH_PATHS = (
					"$(inherited)",
					"@executable_path/Frameworks",
				);
				MARKETING_VERSION = 1.0;
				PRODUCT_BUNDLE_IDENTIFIER = com.yyomzzi.ChooseKit;
				PRODUCT_NAME = "$(TARGET_NAME)";
				SUPPORTED_PLATFORMS = "iphoneos iphonesimulator";
				SUPPORTS_MACCATALYST = NO;
				SUPPORTS_MAC_DESIGNED_FOR_IPHONE_IPAD = NO;
				SWIFT_EMIT_LOC_STRINGS = YES;
				SWIFT_VERSION = 5.0;
				TARGETED_DEVICE_FAMILY = 1;
			};
			name = Release;
		};
/* End XCBuildConfiguration section */

/* Begin XCConfigurationList section */
		84AE8C1E2A44055000181D6C /* Build configuration list for PBXProject "ChooseKit" */ = {
			isa = XCConfigurationList;
			buildConfigurations = (
				84AE8C352A44055200181D6C /* Debug */,
				84AE8C362A44055200181D6C /* Release */,
			);
			defaultConfigurationIsVisible = 0;
			defaultConfigurationName = Release;
		};
		84AE8C372A44055200181D6C /* Build configuration list for PBXNativeTarget "ChooseKit" */ = {
			isa = XCConfigurationList;
			buildConfigurations = (
				84AE8C382A44055200181D6C /* Debug */,
				84AE8C392A44055200181D6C /* Release */,
			);
			defaultConfigurationIsVisible = 0;
			defaultConfigurationName = Release;
		};
/* End XCConfigurationList section */
	};
	rootObject = 84AE8C1B2A44055000181D6C /* Project object */;
}
